github.com/shishaoqi/myGoPath v0.0.0-20190602144427-4f85c42ac49a h1:1CVCycjtDo5T23IItKPhDMSLRTqfKx+n5UpEKF6rQOs=
github.com/shishaoqi/myGoPath v0.0.0-20190602144427-4f85c42ac49a/go.mod h1:xprU39Ne/V5AE6iOGqp2B1a51P7pfaEGbDeRTbq9LVw=
github.com/shishaoqi/myGoPath v0.0.0-20200701135022-e40bb8c9145d h1:CA7dniuOGwUfsFhJ8S6wzIieKTGOksO6o1rX9zHKEmE=
github.com/shishaoqi/myGoPath v0.0.0-20200701135022-e40bb8c9145d/go.mod h1:xprU39Ne/V5AE6iOGqp2B1a51P7pfaEGbDeRTbq9LVw=
github.com/shishaoqi/myGoPath v0.0.0-20200701143828-1d56f6d70ebc h1:P0ekzxYkzuuJhrCbS3/34YqqzqjH/5MjFE/XeWXW4pI=
github.com/shishaoqi/myGoPath v0.0.0-20200701143828-1d56f6d70ebc/go.mod h1:xprU39Ne/V5AE6iOGqp2B1a51P7pfaEGbDeRTbq9LVw=
github.com/shishaoqi/myGoPath v0.0.0-20200708150049-8905c5998703 h1:2XnR0a+PvVVJ/8WsS9o8aye2HukAUXhjLWaZWSzZ/BI=
github.com/shishaoqi/myGoPath v0.0.0-20200708150049-8905c5998703/go.mod h1:xprU39Ne/V5AE6iOGqp2B1a51P7pfaEGbDeRTbq9LVw=
github.com/shishaoqi/xueyuanjun_teach_go v0.0.0-20200102034757-435dc1f61ba5 h1:RahgC/CsnF2vT4JmsCUE6H3h7cbft6/H1YUq+Udo5UE=
github.com/shishaoqi/xueyuanjun_teach_go v0.0.0-20200102034757-435dc1f61ba5/go.mod h1:lRvh9lyUg+3y5hfXOZxzbRZfJCPkVZpBzjAEDRyA5kg=
